// !$*UTF8*$!
{
	archiveVersion = 1;
	classes = {
	};
	objectVersion = 56;
	objects = {

/* Begin PBXBuildFile section */
		4226C6F42BC55BC900017145 /* AppDelegate.swift in Sources */ = {isa = PBXBuildFile; fileRef = 4226C6F32BC55BC900017145 /* AppDelegate.swift */; };
		4226C6F62BC55BC900017145 /* SceneDelegate.swift in Sources */ = {isa = PBXBuildFile; fileRef = 4226C6F52BC55BC900017145 /* SceneDelegate.swift */; };
		4226C6F82BC55BC900017145 /* LoginVC.swift in Sources */ = {isa = PBXBuildFile; fileRef = 4226C6F72BC55BC900017145 /* LoginVC.swift */; };
		4226C6FB2BC55BC900017145 /* Main.storyboard in Resources */ = {isa = PBXBuildFile; fileRef = 4226C6F92BC55BC900017145 /* Main.storyboard */; };
		4226C6FE2BC55BC900017145 /* CoreDataDemo.xcdatamodeld in Sources */ = {isa = PBXBuildFile; fileRef = 4226C6FC2BC55BC900017145 /* CoreDataDemo.xcdatamodeld */; };
		4226C7002BC55BCA00017145 /* Assets.xcassets in Resources */ = {isa = PBXBuildFile; fileRef = 4226C6FF2BC55BCA00017145 /* Assets.xcassets */; };
		4226C7032BC55BCA00017145 /* LaunchScreen.storyboard in Resources */ = {isa = PBXBuildFile; fileRef = 4226C7012BC55BCA00017145 /* LaunchScreen.storyboard */; };
		4226C70B2BC5637D00017145 /* RegistrationVC.swift in Sources */ = {isa = PBXBuildFile; fileRef = 4226C70A2BC5637D00017145 /* RegistrationVC.swift */; };
		422E54622BC65407009D7AF1 /* RegistrationModel.swift in Sources */ = {isa = PBXBuildFile; fileRef = 422E54612BC65407009D7AF1 /* RegistrationModel.swift */; };
		422E54642BC66780009D7AF1 /* Storyboardable.swift in Sources */ = {isa = PBXBuildFile; fileRef = 422E54632BC66780009D7AF1 /* Storyboardable.swift */; };
		422E54662BC69A10009D7AF1 /* LoginModel.swift in Sources */ = {isa = PBXBuildFile; fileRef = 422E54652BC69A10009D7AF1 /* LoginModel.swift */; };
		422E54682BC69C19009D7AF1 /* CoreDataManger.swift in Sources */ = {isa = PBXBuildFile; fileRef = 422E54672BC69C19009D7AF1 /* CoreDataManger.swift */; };
		422E546A2BC6A0EA009D7AF1 /* Home.storyboard in Resources */ = {isa = PBXBuildFile; fileRef = 422E54692BC6A0EA009D7AF1 /* Home.storyboard */; };
		422E546C2BC6A380009D7AF1 /* HomeVC.swift in Sources */ = {isa = PBXBuildFile; fileRef = 422E546B2BC6A380009D7AF1 /* HomeVC.swift */; };
		422E546E2BC6C69B009D7AF1 /* HomeViewModel.swift in Sources */ = {isa = PBXBuildFile; fileRef = 422E546D2BC6C69B009D7AF1 /* HomeViewModel.swift */; };
/* End PBXBuildFile section */

/* Begin PBXFileReference section */
		4226C6F02BC55BC900017145 /* CoreDataDemo.app */ = {isa = PBXFileReference; explicitFileType = wrapper.application; includeInIndex = 0; path = CoreDataDemo.app; sourceTree = BUILT_PRODUCTS_DIR; };
		4226C6F32BC55BC900017145 /* AppDelegate.swift */ = {isa = PBXFileReference; lastKnownFileType = sourcecode.swift; path = AppDelegate.swift; sourceTree = "<group>"; };
		4226C6F52BC55BC900017145 /* SceneDelegate.swift */ = {isa = PBXFileReference; lastKnownFileType = sourcecode.swift; path = SceneDelegate.swift; sourceTree = "<group>"; };
		4226C6F72BC55BC900017145 /* LoginVC.swift */ = {isa = PBXFileReference; lastKnownFileType = sourcecode.swift; path = LoginVC.swift; sourceTree = "<group>"; };
		4226C6FA2BC55BC900017145 /* Base */ = {isa = PBXFileReference; lastKnownFileType = file.storyboard; name = Base; path = Base.lproj/Main.storyboard; sourceTree = "<group>"; };
		4226C6FD2BC55BC900017145 /* CoreDataDemo.xcdatamodel */ = {isa = PBXFileReference; lastKnownFileType = wrapper.xcdatamodel; path = CoreDataDemo.xcdatamodel; sourceTree = "<group>"; };
		4226C6FF2BC55BCA00017145 /* Assets.xcassets */ = {isa = PBXFileReference; lastKnownFileType = folder.assetcatalog; path = Assets.xcassets; sourceTree = "<group>"; };
		4226C7022BC55BCA00017145 /* Base */ = {isa = PBXFileReference; lastKnownFileType = file.storyboard; name = Base; path = Base.lproj/LaunchScreen.storyboard; sourceTree = "<group>"; };
		4226C7042BC55BCA00017145 /* Info.plist */ = {isa = PBXFileReference; lastKnownFileType = text.plist.xml; path = Info.plist; sourceTree = "<group>"; };
		4226C70A2BC5637D00017145 /* RegistrationVC.swift */ = {isa = PBXFileReference; lastKnownFileType = sourcecode.swift; path = RegistrationVC.swift; sourceTree = "<group>"; };
		422E54612BC65407009D7AF1 /* RegistrationModel.swift */ = {isa = PBXFileReference; lastKnownFileType = sourcecode.swift; path = RegistrationModel.swift; sourceTree = "<group>"; };
		422E54632BC66780009D7AF1 /* Storyboardable.swift */ = {isa = PBXFileReference; lastKnownFileType = sourcecode.swift; path = Storyboardable.swift; sourceTree = "<group>"; };
		422E54652BC69A10009D7AF1 /* LoginModel.swift */ = {isa = PBXFileReference; lastKnownFileType = sourcecode.swift; path = LoginModel.swift; sourceTree = "<group>"; };
		422E54672BC69C19009D7AF1 /* CoreDataManger.swift */ = {isa = PBXFileReference; lastKnownFileType = sourcecode.swift; path = CoreDataManger.swift; sourceTree = "<group>"; };
		422E54692BC6A0EA009D7AF1 /* Home.storyboard */ = {isa = PBXFileReference; lastKnownFileType = file.storyboard; path = Home.storyboard; sourceTree = "<group>"; };
		422E546B2BC6A380009D7AF1 /* HomeVC.swift */ = {isa = PBXFileReference; lastKnownFileType = sourcecode.swift; path = HomeVC.swift; sourceTree = "<group>"; };
		422E546D2BC6C69B009D7AF1 /* HomeViewModel.swift */ = {isa = PBXFileReference; lastKnownFileType = sourcecode.swift; path = HomeViewModel.swift; sourceTree = "<group>"; };
/* End PBXFileReference section */

/* Begin PBXFrameworksBuildPhase section */
		4226C6ED2BC55BC900017145 /* Frameworks */ = {
			isa = PBXFrameworksBuildPhase;
			buildActionMask = 2147483647;
			files = (
			);
			runOnlyForDeploymentPostprocessing = 0;
		};
/* End PBXFrameworksBuildPhase section */

/* Begin PBXGroup section */
		4226C6E72BC55BC900017145 = {
			isa = PBXGroup;
			children = (
				4226C6F22BC55BC900017145 /* CoreDataDemo */,
				4226C6F12BC55BC900017145 /* Products */,
			);
			sourceTree = "<group>";
		};
		4226C6F12BC55BC900017145 /* Products */ = {
			isa = PBXGroup;
			children = (
				4226C6F02BC55BC900017145 /* CoreDataDemo.app */,
			);
			name = Products;
			sourceTree = "<group>";
		};
		4226C6F22BC55BC900017145 /* CoreDataDemo */ = {
			isa = PBXGroup;
			children = (
				4226C6F32BC55BC900017145 /* AppDelegate.swift */,
				4226C6F52BC55BC900017145 /* SceneDelegate.swift */,
				4226C6F72BC55BC900017145 /* LoginVC.swift */,
				4226C6F92BC55BC900017145 /* Main.storyboard */,
				4226C6FF2BC55BCA00017145 /* Assets.xcassets */,
				4226C7012BC55BCA00017145 /* LaunchScreen.storyboard */,
				4226C7042BC55BCA00017145 /* Info.plist */,
				4226C6FC2BC55BC900017145 /* CoreDataDemo.xcdatamodeld */,
				4226C70A2BC5637D00017145 /* RegistrationVC.swift */,
				422E54612BC65407009D7AF1 /* RegistrationModel.swift */,
				422E54632BC66780009D7AF1 /* Storyboardable.swift */,
				422E54652BC69A10009D7AF1 /* LoginModel.swift */,
				422E54672BC69C19009D7AF1 /* CoreDataManger.swift */,
				422E54692BC6A0EA009D7AF1 /* Home.storyboard */,
				422E546B2BC6A380009D7AF1 /* HomeVC.swift */,
				422E546D2BC6C69B009D7AF1 /* HomeViewModel.swift */,
			);
			path = CoreDataDemo;
			sourceTree = "<group>";
		};
/* End PBXGroup section */

/* Begin PBXNativeTarget section */
		4226C6EF2BC55BC900017145 /* CoreDataDemo */ = {
			isa = PBXNativeTarget;
			buildConfigurationList = 4226C7072BC55BCA00017145 /* Build configuration list for PBXNativeTarget "CoreDataDemo" */;
			buildPhases = (
				4226C6EC2BC55BC900017145 /* Sources */,
				4226C6ED2BC55BC900017145 /* Frameworks */,
				4226C6EE2BC55BC900017145 /* Resources */,
			);
			buildRules = (
			);
			dependencies = (
			);
			name = CoreDataDemo;
			productName = CoreDataDemo;
			productReference = 4226C6F02BC55BC900017145 /* CoreDataDemo.app */;
			productType = "com.apple.product-type.application";
		};
/* End PBXNativeTarget section */

/* Begin PBXProject section */
		4226C6E82BC55BC900017145 /* Project object */ = {
			isa = PBXProject;
			attributes = {
				BuildIndependentTargetsInParallel = 1;
				LastSwiftUpdateCheck = 1500;
				LastUpgradeCheck = 1500;
				TargetAttributes = {
					4226C6EF2BC55BC900017145 = {
						CreatedOnToolsVersion = 15.0;
					};
				};
			};
			buildConfigurationList = 4226C6EB2BC55BC900017145 /* Build configuration list for PBXProject "CoreDataDemo" */;
			compatibilityVersion = "Xcode 14.0";
			developmentRegion = en;
			hasScannedForEncodings = 0;
			knownRegions = (
				en,
				Base,
			);
			mainGroup = 4226C6E72BC55BC900017145;
			productRefGroup = 4226C6F12BC55BC900017145 /* Products */;
			projectDirPath = "";
			projectRoot = "";
			targets = (
				4226C6EF2BC55BC900017145 /* CoreDataDemo */,
			);
		};
/* End PBXProject section */

/* Begin PBXResourcesBuildPhase section */
		4226C6EE2BC55BC900017145 /* Resources */ = {
			isa = PBXResourcesBuildPhase;
			buildActionMask = 2147483647;
			files = (
				4226C7032BC55BCA00017145 /* LaunchScreen.storyboard in Resources */,
				4226C7002BC55BCA00017145 /* Assets.xcassets in Resources */,
				4226C6FB2BC55BC900017145 /* Main.storyboard in Resources */,
				422E546A2BC6A0EA009D7AF1 /* Home.storyboard in Resources */,
			);
			runOnlyForDeploymentPostprocessing = 0;
		};
/* End PBXResourcesBuildPhase section */

/* Begin PBXSourcesBuildPhase section */
		4226C6EC2BC55BC900017145 /* Sources */ = {
			isa = PBXSourcesBuildPhase;
			buildActionMask = 2147483647;
			files = (
				4226C6F82BC55BC900017145 /* LoginVC.swift in Sources */,
				422E546E2BC6C69B009D7AF1 /* HomeViewModel.swift in Sources */,
				422E546C2BC6A380009D7AF1 /* HomeVC.swift in Sources */,
				422E54682BC69C19009D7AF1 /* CoreDataManger.swift in Sources */,
				4226C6FE2BC55BC900017145 /* CoreDataDemo.xcdatamodeld in Sources */,
				422E54642BC66780009D7AF1 /* Storyboardable.swift in Sources */,
				422E54622BC65407009D7AF1 /* RegistrationModel.swift in Sources */,
				4226C6F42BC55BC900017145 /* AppDelegate.swift in Sources */,
				422E54662BC69A10009D7AF1 /* LoginModel.swift in Sources */,
				4226C70B2BC5637D00017145 /* RegistrationVC.swift in Sources */,
				4226C6F62BC55BC900017145 /* SceneDelegate.swift in Sources */,
			);
			runOnlyForDeploymentPostprocessing = 0;
		};
/* End PBXSourcesBuildPhase section */

/* Begin PBXVariantGroup section */
		4226C6F92BC55BC900017145 /* Main.storyboard */ = {
			isa = PBXVariantGroup;
			children = (
				4226C6FA2BC55BC900017145 /* Base */,
			);
			name = Main.storyboard;
			sourceTree = "<group>";
		};
		4226C7012BC55BCA00017145 /* LaunchScreen.storyboard */ = {
			isa = PBXVariantGroup;
			children = (
				4226C7022BC55BCA00017145 /* Base */,
			);
			name = LaunchScreen.storyboard;
			sourceTree = "<group>";
		};
/* End PBXVariantGroup section */

/* Begin XCBuildConfiguration section */
		4226C7052BC55BCA00017145 /* Debug */ = {
			isa = XCBuildConfiguration;
			buildSettings = {
				ALWAYS_SEARCH_USER_PATHS = NO;
				ASSETCATALOG_COMPILER_GENERATE_SWIFT_ASSET_SYMBOL_EXTENSIONS = YES;
				CLANG_ANALYZER_NONNULL = YES;
				CLANG_ANALYZER_NUMBER_OBJECT_CONVERSION = YES_AGGRESSIVE;
				CLANG_CXX_LANGUAGE_STANDARD = "gnu++20";
				CLANG_ENABLE_MODULES = YES;
				CLANG_ENABLE_OBJC_ARC = YES;
				CLANG_ENABLE_OBJC_WEAK = YES;
				CLANG_WARN_BLOCK_CAPTURE_AUTORELEASING = YES;
				CLANG_WARN_BOOL_CONVERSION = YES;
				CLANG_WARN_COMMA = YES;
				CLANG_WARN_CONSTANT_CONVERSION = YES;
				CLANG_WARN_DEPRECATED_OBJC_IMPLEMENTATIONS = YES;
				CLANG_WARN_DIRECT_OBJC_ISA_USAGE = YES_ERROR;
				CLANG_WARN_DOCUMENTATION_COMMENTS = YES;
				CLANG_WARN_EMPTY_BODY = YES;
				CLANG_WARN_ENUM_CONVERSION = YES;
				CLANG_WARN_INFINITE_RECURSION = YES;
				CLANG_WARN_INT_CONVERSION = YES;
				CLANG_WARN_NON_LITERAL_NULL_CONVERSION = YES;
				CLANG_WARN_OBJC_IMPLICIT_RETAIN_SELF = YES;
				CLANG_WARN_OBJC_LITERAL_CONVERSION = YES;
				CLANG_WARN_OBJC_ROOT_CLASS = YES_ERROR;
				CLANG_WARN_QUOTED_INCLUDE_IN_FRAMEWORK_HEADER = YES;
				CLANG_WARN_RANGE_LOOP_ANALYSIS = YES;
				CLANG_WARN_STRICT_PROTOTYPES = YES;
				CLANG_WARN_SUSPICIOUS_MOVE = YES;
				CLANG_WARN_UNGUARDED_AVAILABILITY = YES_AGGRESSIVE;
				CLANG_WARN_UNREACHABLE_CODE = YES;
				CLANG_WARN__DUPLICATE_METHOD_MATCH = YES;
				COPY_PHASE_STRIP = NO;
				DEBUG_INFORMATION_FORMAT = dwarf;
				ENABLE_STRICT_OBJC_MSGSEND = YES;
				ENABLE_TESTABILITY = YES;
				ENABLE_USER_SCRIPT_SANDBOXING = YES;
				GCC_C_LANGUAGE_STANDARD = gnu17;
				GCC_DYNAMIC_NO_PIC = NO;
				GCC_NO_COMMON_BLOCKS = YES;
				GCC_OPTIMIZATION_LEVEL = 0;
				GCC_PREPROCESSOR_DEFINITIONS = (
					"DEBUG=1",
					"$(inherited)",
				);
				GCC_WARN_64_TO_32_BIT_CONVERSION = YES;
				GCC_WARN_ABOUT_RETURN_TYPE = YES_ERROR;
				GCC_WARN_UNDECLARED_SELECTOR = YES;
				GCC_WARN_UNINITIALIZED_AUTOS = YES_AGGRESSIVE;
				GCC_WARN_UNUSED_FUNCTION = YES;
				GCC_WARN_UNUSED_VARIABLE = YES;
				IPHONEOS_DEPLOYMENT_TARGET = 17.0;
				LOCALIZATION_PREFERS_STRING_CATALOGS = YES;
				MTL_ENABLE_DEBUG_INFO = INCLUDE_SOURCE;
				MTL_FAST_MATH = YES;
				ONLY_ACTIVE_ARCH = YES;
				SDKROOT = iphoneos;
				SWIFT_ACTIVE_COMPILATION_CONDITIONS = "DEBUG $(inherited)";
				SWIFT_OPTIMIZATION_LEVEL = "-Onone";
			};
			name = Debug;
		};
		4226C7062BC55BCA00017145 /* Release */ = {
			isa = XCBuildConfiguration;
			buildSettings = {
				ALWAYS_SEARCH_USER_PATHS = NO;
				ASSETCATALOG_COMPILER_GENERATE_SWIFT_ASSET_SYMBOL_EXTENSIONS = YES;
				CLANG_ANALYZER_NONNULL = YES;
				CLANG_ANALYZER_NUMBER_OBJECT_CONVERSION = YES_AGGRESSIVE;
				CLANG_CXX_LANGUAGE_STANDARD = "gnu++20";
				CLANG_ENABLE_MODULES = YES;
				CLANG_ENABLE_OBJC_ARC = YES;
				CLANG_ENABLE_OBJC_WEAK = YES;
				CLANG_WARN_BLOCK_CAPTURE_AUTORELEASING = YES;
				CLANG_WARN_BOOL_CONVERSION = YES;
				CLANG_WARN_COMMA = YES;
				CLANG_WARN_CONSTANT_CONVERSION = YES;
				CLANG_WARN_DEPRECATED_OBJC_IMPLEMENTATIONS = YES;
				CLANG_WARN_DIRECT_OBJC_ISA_USAGE = YES_ERROR;
				CLANG_WARN_DOCUMENTATION_COMMENTS = YES;
				CLANG_WARN_EMPTY_BODY = YES;
				CLANG_WARN_ENUM_CONVERSION = YES;
				CLANG_WARN_INFINITE_RECURSION = YES;
				CLANG_WARN_INT_CONVERSION = YES;
				CLANG_WARN_NON_LITERAL_NULL_CONVERSION = YES;
				CLANG_WARN_OBJC_IMPLICIT_RETAIN_SELF = YES;
				CLANG_WARN_OBJC_LITERAL_CONVERSION = YES;
				CLANG_WARN_OBJC_ROOT_CLASS = YES_ERROR;
				CLANG_WARN_QUOTED_INCLUDE_IN_FRAMEWORK_HEADER = YES;
				CLANG_WARN_RANGE_LOOP_ANALYSIS = YES;
				CLANG_WARN_STRICT_PROTOTYPES = YES;
				CLANG_WARN_SUSPICIOUS_MOVE = YES;
				CLANG_WARN_UNGUARDED_AVAILABILITY = YES_AGGRESSIVE;
				CLANG_WARN_UNREACHABLE_CODE = YES;
				CLANG_WARN__DUPLICATE_METHOD_MATCH = YES;
				COPY_PHASE_STRIP = NO;
				DEBUG_INFORMATION_FORMAT = "dwarf-with-dsym";
				ENABLE_NS_ASSERTIONS = NO;
				ENABLE_STRICT_OBJC_MSGSEND = YES;
				ENABLE_USER_SCRIPT_SANDBOXING = YES;
				GCC_C_LANGUAGE_STANDARD = gnu17;
				GCC_NO_COMMON_BLOCKS = YES;
				GCC_WARN_64_TO_32_BIT_CONVERSION = YES;
				GCC_WARN_ABOUT_RETURN_TYPE = YES_ERROR;
				GCC_WARN_UNDECLARED_SELECTOR = YES;
				GCC_WARN_UNINITIALIZED_AUTOS = YES_AGGRESSIVE;
				GCC_WARN_UNUSED_FUNCTION = YES;
				GCC_WARN_UNUSED_VARIABLE = YES;
				IPHONEOS_DEPLOYMENT_TARGET = 17.0;
				LOCALIZATION_PREFERS_STRING_CATALOGS = YES;
				MTL_ENABLE_DEBUG_INFO = NO;
				MTL_FAST_MATH = YES;
				SDKROOT = iphoneos;
				SWIFT_COMPILATION_MODE = wholemodule;
				VALIDATE_PRODUCT = YES;
			};
			name = Release;
		};
		4226C7082BC55BCA00017145 /* Debug */ = {
			isa = XCBuildConfiguration;
			buildSettings = {
				ASSETCATALOG_COMPILER_APPICON_NAME = AppIcon;
				ASSETCATALOG_COMPILER_GLOBAL_ACCENT_COLOR_NAME = AccentColor;
				CODE_SIGN_STYLE = Automatic;
				CURRENT_PROJECT_VERSION = 1;
				DEVELOPMENT_TEAM = X8WURV985T;
				GENERATE_INFOPLIST_FILE = YES;
				INFOPLIST_FILE = CoreDataDemo/Info.plist;
				INFOPLIST_KEY_UIApplicationSupportsIndirectInputEvents = YES;
				INFOPLIST_KEY_UILaunchStoryboardName = LaunchScreen;
				INFOPLIST_KEY_UIMainStoryboardFile = Main;
				INFOPLIST_KEY_UISupportedInterfaceOrientations_iPad = "UIInterfaceOrientationPortrait UIInterfaceOrientationPortraitUpsideDown UIInterfaceOrientationLandscapeLeft UIInterfaceOrientationLandscapeRight";
				INFOPLIST_KEY_UISupportedInterfaceOrientations_iPhone = "UIInterfaceOrientationPortrait UIInterfaceOrientationLandscapeLeft UIInterfaceOrientationLandscapeRight";
				LD_RUNPATH_SEARCH_PATHS = (
					"$(inherited)",
					"@executable_path/Frameworks",
				);
				MARKETING_VERSION = 1.0;
				PRODUCT_BUNDLE_IDENTIFIER = com.xyx.demo.CoreDataDemo;
				PRODUCT_NAME = "$(TARGET_NAME)";
				SWIFT_EMIT_LOC_STRINGS = YES;
				SWIFT_VERSION = 5.0;
				TARGETED_DEVICE_FAMILY = "1,2";
			};
			name = Debug;
		};
		4226C7092BC55BCA00017145 /* Release */ = {
			isa = XCBuildConfiguration;
			buildSettings = {
				ASSETCATALOG_COMPILER_APPICON_NAME = AppIcon;
				ASSETCATALOG_COMPILER_GLOBAL_ACCENT_COLOR_NAME = AccentColor;
				CODE_SIGN_STYLE = Automatic;
				CURRENT_PROJECT_VERSION = 1;
				DEVELOPMENT_TEAM = X8WURV985T;
				GENERATE_INFOPLIST_FILE = YES;
				INFOPLIST_FILE = CoreDataDemo/Info.plist;
				INFOPLIST_KEY_UIApplicationSupportsIndirectInputEvents = YES;
				INFOPLIST_KEY_UILaunchStoryboardName = LaunchScreen;
				INFOPLIST_KEY_UIMainStoryboardFile = Main;
				INFOPLIST_KEY_UISupportedInterfaceOrientations_iPad = "UIInterfaceOrientationPortrait UIInterfaceOrientationPortraitUpsideDown UIInterfaceOrientationLandscapeLeft UIInterfaceOrientationLandscapeRight";
				INFOPLIST_KEY_UISupportedInterfaceOrientations_iPhone = "UIInterfaceOrientationPortrait UIInterfaceOrientationLandscapeLeft UIInterfaceOrientationLandscapeRight";
				LD_RUNPATH_SEARCH_PATHS = (
					"$(inherited)",
					"@executable_path/Frameworks",
				);
				MARKETING_VERSION = 1.0;
				PRODUCT_BUNDLE_IDENTIFIER = com.xyx.demo.CoreDataDemo;
				PRODUCT_NAME = "$(TARGET_NAME)";
				SWIFT_EMIT_LOC_STRINGS = YES;
				SWIFT_VERSION = 5.0;
				TARGETED_DEVICE_FAMILY = "1,2";
			};
			name = Release;
		};
/* End XCBuildConfiguration section */

/* Begin XCConfigurationList section */
		4226C6EB2BC55BC900017145 /* Build configuration list for PBXProject "CoreDataDemo" */ = {
			isa = XCConfigurationList;
			buildConfigurations = (
				4226C7052BC55BCA00017145 /* Debug */,
				4226C7062BC55BCA00017145 /* Release */,
			);
			defaultConfigurationIsVisible = 0;
			defaultConfigurationName = Release;
		};
		4226C7072BC55BCA00017145 /* Build configuration list for PBXNativeTarget "CoreDataDemo" */ = {
			isa = XCConfigurationList;
			buildConfigurations = (
				4226C7082BC55BCA00017145 /* Debug */,
				4226C7092BC55BCA00017145 /* Release */,
			);
			defaultConfigurationIsVisible = 0;
			defaultConfigurationName = Release;
		};
/* End XCConfigurationList section */

/* Begin XCVersionGroup section */
		4226C6FC2BC55BC900017145 /* CoreDataDemo.xcdatamodeld */ = {
			isa = XCVersionGroup;
			children = (
				4226C6FD2BC55BC900017145 /* CoreDataDemo.xcdatamodel */,
			);
			currentVersion = 4226C6FD2BC55BC900017145 /* CoreDataDemo.xcdatamodel */;
			path = CoreDataDemo.xcdatamodeld;
			sourceTree = "<group>";
			versionGroupType = wrapper.xcdatamodel;
		};
/* End XCVersionGroup section */
	};
	rootObject = 4226C6E82BC55BC900017145 /* Project object */;
}
