// !$*UTF8*$!
{
	archiveVersion = 1;
	classes = {
	};
	objectVersion = 56;
	objects = {

/* Begin PBXBuildFile section */
		42F7E04C2BD78C4300C1B239 /* ProductModel.swift in Sources */ = {isa = PBXBuildFile; fileRef = 42F7E04B2BD78C4300C1B239 /* ProductModel.swift */; };
		42F7E04E2BD78E0F00C1B239 /* ProductViewModel.swift in Sources */ = {isa = PBXBuildFile; fileRef = 42F7E04D2BD78E0F00C1B239 /* ProductViewModel.swift */; };
		42F7E0502BD78E5400C1B239 /* ProductRepository.swift in Sources */ = {isa = PBXBuildFile; fileRef = 42F7E04F2BD78E5400C1B239 /* ProductRepository.swift */; };
		42F7E0522BD79E8F00C1B239 /* ProductListCell.swift in Sources */ = {isa = PBXBuildFile; fileRef = 42F7E0512BD79E8F00C1B239 /* ProductListCell.swift */; };
		5C0B68EC2BAD58DD009BD597 /* AppDelegate.swift in Sources */ = {isa = PBXBuildFile; fileRef = 5C0B68EB2BAD58DD009BD597 /* AppDelegate.swift */; };
		5C0B68EE2BAD58DD009BD597 /* SceneDelegate.swift in Sources */ = {isa = PBXBuildFile; fileRef = 5C0B68ED2BAD58DD009BD597 /* SceneDelegate.swift */; };
		5C0B68F02BAD58DD009BD597 /* ViewController.swift in Sources */ = {isa = PBXBuildFile; fileRef = 5C0B68EF2BAD58DD009BD597 /* ViewController.swift */; };
		5C0B68F32BAD58DD009BD597 /* Main.storyboard in Resources */ = {isa = PBXBuildFile; fileRef = 5C0B68F12BAD58DD009BD597 /* Main.storyboard */; };
		5C0B68F52BAD58DE009BD597 /* Assets.xcassets in Resources */ = {isa = PBXBuildFile; fileRef = 5C0B68F42BAD58DE009BD597 /* Assets.xcassets */; };
		5C0B68F82BAD58DE009BD597 /* LaunchScreen.storyboard in Resources */ = {isa = PBXBuildFile; fileRef = 5C0B68F62BAD58DE009BD597 /* LaunchScreen.storyboard */; };
		5C0B69032BAD58DE009BD597 /* DemoProjectTests.swift in Sources */ = {isa = PBXBuildFile; fileRef = 5C0B69022BAD58DE009BD597 /* DemoProjectTests.swift */; };
		5C0B690D2BAD58DE009BD597 /* DemoProjectUITests.swift in Sources */ = {isa = PBXBuildFile; fileRef = 5C0B690C2BAD58DE009BD597 /* DemoProjectUITests.swift */; };
		5C0B690F2BAD58DE009BD597 /* DemoProjectUITestsLaunchTests.swift in Sources */ = {isa = PBXBuildFile; fileRef = 5C0B690E2BAD58DE009BD597 /* DemoProjectUITestsLaunchTests.swift */; };
		5C0B691D2BAD5921009BD597 /* ViewModel.swift in Sources */ = {isa = PBXBuildFile; fileRef = 5C0B691C2BAD5921009BD597 /* ViewModel.swift */; };
		5C0B69202BAD593A009BD597 /* ViewRepository.swift in Sources */ = {isa = PBXBuildFile; fileRef = 5C0B691F2BAD593A009BD597 /* ViewRepository.swift */; };
		5C0B69222BAD5A17009BD597 /* Bindable.swift in Sources */ = {isa = PBXBuildFile; fileRef = 5C0B69212BAD5A17009BD597 /* Bindable.swift */; };
		5C0B69242BAD8138009BD597 /* FirstViewController.swift in Sources */ = {isa = PBXBuildFile; fileRef = 5C0B69232BAD8138009BD597 /* FirstViewController.swift */; };
		5C248A102BC41604000FE796 /* AppID.swift in Sources */ = {isa = PBXBuildFile; fileRef = 5C248A0F2BC41604000FE796 /* AppID.swift */; };
		5C248A122BC4160B000FE796 /* Storyboardable.swift in Sources */ = {isa = PBXBuildFile; fileRef = 5C248A112BC4160B000FE796 /* Storyboardable.swift */; };
/* End PBXBuildFile section */

/* Begin PBXContainerItemProxy section */
		5C0B68FF2BAD58DE009BD597 /* PBXContainerItemProxy */ = {
			isa = PBXContainerItemProxy;
			containerPortal = 5C0B68E02BAD58DD009BD597 /* Project object */;
			proxyType = 1;
			remoteGlobalIDString = 5C0B68E72BAD58DD009BD597;
			remoteInfo = DemoProject;
		};
		5C0B69092BAD58DE009BD597 /* PBXContainerItemProxy */ = {
			isa = PBXContainerItemProxy;
			containerPortal = 5C0B68E02BAD58DD009BD597 /* Project object */;
			proxyType = 1;
			remoteGlobalIDString = 5C0B68E72BAD58DD009BD597;
			remoteInfo = DemoProject;
		};
/* End PBXContainerItemProxy section */

/* Begin PBXFileReference section */
		42F7E04B2BD78C4300C1B239 /* ProductModel.swift */ = {isa = PBXFileReference; lastKnownFileType = sourcecode.swift; path = ProductModel.swift; sourceTree = "<group>"; };
		42F7E04D2BD78E0F00C1B239 /* ProductViewModel.swift */ = {isa = PBXFileReference; lastKnownFileType = sourcecode.swift; path = ProductViewModel.swift; sourceTree = "<group>"; };
		42F7E04F2BD78E5400C1B239 /* ProductRepository.swift */ = {isa = PBXFileReference; lastKnownFileType = sourcecode.swift; path = ProductRepository.swift; sourceTree = "<group>"; };
		42F7E0512BD79E8F00C1B239 /* ProductListCell.swift */ = {isa = PBXFileReference; lastKnownFileType = sourcecode.swift; path = ProductListCell.swift; sourceTree = "<group>"; };
		5C0B68E82BAD58DD009BD597 /* DemoProject.app */ = {isa = PBXFileReference; explicitFileType = wrapper.application; includeInIndex = 0; path = DemoProject.app; sourceTree = BUILT_PRODUCTS_DIR; };
		5C0B68EB2BAD58DD009BD597 /* AppDelegate.swift */ = {isa = PBXFileReference; lastKnownFileType = sourcecode.swift; path = AppDelegate.swift; sourceTree = "<group>"; };
		5C0B68ED2BAD58DD009BD597 /* SceneDelegate.swift */ = {isa = PBXFileReference; lastKnownFileType = sourcecode.swift; path = SceneDelegate.swift; sourceTree = "<group>"; };
		5C0B68EF2BAD58DD009BD597 /* ViewController.swift */ = {isa = PBXFileReference; lastKnownFileType = sourcecode.swift; path = ViewController.swift; sourceTree = "<group>"; };
		5C0B68F22BAD58DD009BD597 /* Base */ = {isa = PBXFileReference; lastKnownFileType = file.storyboard; name = Base; path = Base.lproj/Main.storyboard; sourceTree = "<group>"; };
		5C0B68F42BAD58DE009BD597 /* Assets.xcassets */ = {isa = PBXFileReference; lastKnownFileType = folder.assetcatalog; path = Assets.xcassets; sourceTree = "<group>"; };
		5C0B68F72BAD58DE009BD597 /* Base */ = {isa = PBXFileReference; lastKnownFileType = file.storyboard; name = Base; path = Base.lproj/LaunchScreen.storyboard; sourceTree = "<group>"; };
		5C0B68F92BAD58DE009BD597 /* Info.plist */ = {isa = PBXFileReference; lastKnownFileType = text.plist.xml; path = Info.plist; sourceTree = "<group>"; };
		5C0B68FE2BAD58DE009BD597 /* DemoProjectTests.xctest */ = {isa = PBXFileReference; explicitFileType = wrapper.cfbundle; includeInIndex = 0; path = DemoProjectTests.xctest; sourceTree = BUILT_PRODUCTS_DIR; };
		5C0B69022BAD58DE009BD597 /* DemoProjectTests.swift */ = {isa = PBXFileReference; lastKnownFileType = sourcecode.swift; path = DemoProjectTests.swift; sourceTree = "<group>"; };
		5C0B69082BAD58DE009BD597 /* DemoProjectUITests.xctest */ = {isa = PBXFileReference; explicitFileType = wrapper.cfbundle; includeInIndex = 0; path = DemoProjectUITests.xctest; sourceTree = BUILT_PRODUCTS_DIR; };
		5C0B690C2BAD58DE009BD597 /* DemoProjectUITests.swift */ = {isa = PBXFileReference; lastKnownFileType = sourcecode.swift; path = DemoProjectUITests.swift; sourceTree = "<group>"; };
		5C0B690E2BAD58DE009BD597 /* DemoProjectUITestsLaunchTests.swift */ = {isa = PBXFileReference; lastKnownFileType = sourcecode.swift; path = DemoProjectUITestsLaunchTests.swift; sourceTree = "<group>"; };
		5C0B691C2BAD5921009BD597 /* ViewModel.swift */ = {isa = PBXFileReference; lastKnownFileType = sourcecode.swift; path = ViewModel.swift; sourceTree = "<group>"; };
		5C0B691F2BAD593A009BD597 /* ViewRepository.swift */ = {isa = PBXFileReference; lastKnownFileType = sourcecode.swift; path = ViewRepository.swift; sourceTree = "<group>"; };
		5C0B69212BAD5A17009BD597 /* Bindable.swift */ = {isa = PBXFileReference; lastKnownFileType = sourcecode.swift; path = Bindable.swift; sourceTree = "<group>"; };
		5C0B69232BAD8138009BD597 /* FirstViewController.swift */ = {isa = PBXFileReference; lastKnownFileType = sourcecode.swift; path = FirstViewController.swift; sourceTree = "<group>"; };
		5C248A0F2BC41604000FE796 /* AppID.swift */ = {isa = PBXFileReference; lastKnownFileType = sourcecode.swift; path = AppID.swift; sourceTree = "<group>"; };
		5C248A112BC4160B000FE796 /* Storyboardable.swift */ = {isa = PBXFileReference; lastKnownFileType = sourcecode.swift; path = Storyboardable.swift; sourceTree = "<group>"; };
/* End PBXFileReference section */

/* Begin PBXFrameworksBuildPhase section */
		5C0B68E52BAD58DD009BD597 /* Frameworks */ = {
			isa = PBXFrameworksBuildPhase;
			buildActionMask = 2147483647;
			files = (
			);
			runOnlyForDeploymentPostprocessing = 0;
		};
		5C0B68FB2BAD58DE009BD597 /* Frameworks */ = {
			isa = PBXFrameworksBuildPhase;
			buildActionMask = 2147483647;
			files = (
			);
			runOnlyForDeploymentPostprocessing = 0;
		};
		5C0B69052BAD58DE009BD597 /* Frameworks */ = {
			isa = PBXFrameworksBuildPhase;
			buildActionMask = 2147483647;
			files = (
			);
			runOnlyForDeploymentPostprocessing = 0;
		};
/* End PBXFrameworksBuildPhase section */

/* Begin PBXGroup section */
		42F7E04A2BD78C2B00C1B239 /* Model */ = {
			isa = PBXGroup;
			children = (
				42F7E04B2BD78C4300C1B239 /* ProductModel.swift */,
			);
			path = Model;
			sourceTree = "<group>";
		};
		5C0B68DF2BAD58DD009BD597 = {
			isa = PBXGroup;
			children = (
				5C0B68EA2BAD58DD009BD597 /* DemoProject */,
				5C0B69012BAD58DE009BD597 /* DemoProjectTests */,
				5C0B690B2BAD58DE009BD597 /* DemoProjectUITests */,
				5C0B68E92BAD58DD009BD597 /* Products */,
			);
			sourceTree = "<group>";
		};
		5C0B68E92BAD58DD009BD597 /* Products */ = {
			isa = PBXGroup;
			children = (
				5C0B68E82BAD58DD009BD597 /* DemoProject.app */,
				5C0B68FE2BAD58DE009BD597 /* DemoProjectTests.xctest */,
				5C0B69082BAD58DE009BD597 /* DemoProjectUITests.xctest */,
			);
			name = Products;
			sourceTree = "<group>";
		};
		5C0B68EA2BAD58DD009BD597 /* DemoProject */ = {
			isa = PBXGroup;
			children = (
				42F7E04A2BD78C2B00C1B239 /* Model */,
				5C248A0E2BC415F6000FE796 /* AppId */,
				5C0B691E2BAD592F009BD597 /* Repository */,
				5C0B691B2BAD5917009BD597 /* ViewModel */,
				5C0B68EB2BAD58DD009BD597 /* AppDelegate.swift */,
				5C0B68ED2BAD58DD009BD597 /* SceneDelegate.swift */,
				5C0B69232BAD8138009BD597 /* FirstViewController.swift */,
				5C0B68EF2BAD58DD009BD597 /* ViewController.swift */,
				5C0B69212BAD5A17009BD597 /* Bindable.swift */,
				5C0B68F12BAD58DD009BD597 /* Main.storyboard */,
				5C0B68F42BAD58DE009BD597 /* Assets.xcassets */,
				5C0B68F62BAD58DE009BD597 /* LaunchScreen.storyboard */,
				5C0B68F92BAD58DE009BD597 /* Info.plist */,
				42F7E0512BD79E8F00C1B239 /* ProductListCell.swift */,
			);
			path = DemoProject;
			sourceTree = "<group>";
		};
		5C0B69012BAD58DE009BD597 /* DemoProjectTests */ = {
			isa = PBXGroup;
			children = (
				5C0B69022BAD58DE009BD597 /* DemoProjectTests.swift */,
			);
			path = DemoProjectTests;
			sourceTree = "<group>";
		};
		5C0B690B2BAD58DE009BD597 /* DemoProjectUITests */ = {
			isa = PBXGroup;
			children = (
				5C0B690C2BAD58DE009BD597 /* DemoProjectUITests.swift */,
				5C0B690E2BAD58DE009BD597 /* DemoProjectUITestsLaunchTests.swift */,
			);
			path = DemoProjectUITests;
			sourceTree = "<group>";
		};
		5C0B691B2BAD5917009BD597 /* ViewModel */ = {
			isa = PBXGroup;
			children = (
				5C0B691C2BAD5921009BD597 /* ViewModel.swift */,
				42F7E04D2BD78E0F00C1B239 /* ProductViewModel.swift */,
			);
			path = ViewModel;
			sourceTree = "<group>";
		};
		5C0B691E2BAD592F009BD597 /* Repository */ = {
			isa = PBXGroup;
			children = (
				5C0B691F2BAD593A009BD597 /* ViewRepository.swift */,
				42F7E04F2BD78E5400C1B239 /* ProductRepository.swift */,
			);
			path = Repository;
			sourceTree = "<group>";
		};
		5C248A0E2BC415F6000FE796 /* AppId */ = {
			isa = PBXGroup;
			children = (
				5C248A0F2BC41604000FE796 /* AppID.swift */,
				5C248A112BC4160B000FE796 /* Storyboardable.swift */,
			);
			path = AppId;
			sourceTree = "<group>";
		};
/* End PBXGroup section */

/* Begin PBXNativeTarget section */
		5C0B68E72BAD58DD009BD597 /* DemoProject */ = {
			isa = PBXNativeTarget;
			buildConfigurationList = 5C0B69122BAD58DE009BD597 /* Build configuration list for PBXNativeTarget "DemoProject" */;
			buildPhases = (
				5C0B68E42BAD58DD009BD597 /* Sources */,
				5C0B68E52BAD58DD009BD597 /* Frameworks */,
				5C0B68E62BAD58DD009BD597 /* Resources */,
			);
			buildRules = (
			);
			dependencies = (
			);
			name = DemoProject;
			productName = DemoProject;
			productReference = 5C0B68E82BAD58DD009BD597 /* DemoProject.app */;
			productType = "com.apple.product-type.application";
		};
		5C0B68FD2BAD58DE009BD597 /* DemoProjectTests */ = {
			isa = PBXNativeTarget;
			buildConfigurationList = 5C0B69152BAD58DE009BD597 /* Build configuration list for PBXNativeTarget "DemoProjectTests" */;
			buildPhases = (
				5C0B68FA2BAD58DE009BD597 /* Sources */,
				5C0B68FB2BAD58DE009BD597 /* Frameworks */,
				5C0B68FC2BAD58DE009BD597 /* Resources */,
			);
			buildRules = (
			);
			dependencies = (
				5C0B69002BAD58DE009BD597 /* PBXTargetDependency */,
			);
			name = DemoProjectTests;
			productName = DemoProjectTests;
			productReference = 5C0B68FE2BAD58DE009BD597 /* DemoProjectTests.xctest */;
			productType = "com.apple.product-type.bundle.unit-test";
		};
		5C0B69072BAD58DE009BD597 /* DemoProjectUITests */ = {
			isa = PBXNativeTarget;
			buildConfigurationList = 5C0B69182BAD58DE009BD597 /* Build configuration list for PBXNativeTarget "DemoProjectUITests" */;
			buildPhases = (
				5C0B69042BAD58DE009BD597 /* Sources */,
				5C0B69052BAD58DE009BD597 /* Frameworks */,
				5C0B69062BAD58DE009BD597 /* Resources */,
			);
			buildRules = (
			);
			dependencies = (
				5C0B690A2BAD58DE009BD597 /* PBXTargetDependency */,
			);
			name = DemoProjectUITests;
			productName = DemoProjectUITests;
			productReference = 5C0B69082BAD58DE009BD597 /* DemoProjectUITests.xctest */;
			productType = "com.apple.product-type.bundle.ui-testing";
		};
/* End PBXNativeTarget section */

/* Begin PBXProject section */
		5C0B68E02BAD58DD009BD597 /* Project object */ = {
			isa = PBXProject;
			attributes = {
				BuildIndependentTargetsInParallel = 1;
				LastSwiftUpdateCheck = 1520;
				LastUpgradeCheck = 1520;
				ORGANIZATIONNAME = Belocum;
				TargetAttributes = {
					5C0B68E72BAD58DD009BD597 = {
						CreatedOnToolsVersion = 15.2;
					};
					5C0B68FD2BAD58DE009BD597 = {
						CreatedOnToolsVersion = 15.2;
						TestTargetID = 5C0B68E72BAD58DD009BD597;
					};
					5C0B69072BAD58DE009BD597 = {
						CreatedOnToolsVersion = 15.2;
						TestTargetID = 5C0B68E72BAD58DD009BD597;
					};
				};
			};
			buildConfigurationList = 5C0B68E32BAD58DD009BD597 /* Build configuration list for PBXProject "DemoProject" */;
			compatibilityVersion = "Xcode 14.0";
			developmentRegion = en;
			hasScannedForEncodings = 0;
			knownRegions = (
				en,
				Base,
			);
			mainGroup = 5C0B68DF2BAD58DD009BD597;
			productRefGroup = 5C0B68E92BAD58DD009BD597 /* Products */;
			projectDirPath = "";
			projectRoot = "";
			targets = (
				5C0B68E72BAD58DD009BD597 /* DemoProject */,
				5C0B68FD2BAD58DE009BD597 /* DemoProjectTests */,
				5C0B69072BAD58DE009BD597 /* DemoProjectUITests */,
			);
		};
/* End PBXProject section */

/* Begin PBXResourcesBuildPhase section */
		5C0B68E62BAD58DD009BD597 /* Resources */ = {
			isa = PBXResourcesBuildPhase;
			buildActionMask = 2147483647;
			files = (
				5C0B68F82BAD58DE009BD597 /* LaunchScreen.storyboard in Resources */,
				5C0B68F52BAD58DE009BD597 /* Assets.xcassets in Resources */,
				5C0B68F32BAD58DD009BD597 /* Main.storyboard in Resources */,
			);
			runOnlyForDeploymentPostprocessing = 0;
		};
		5C0B68FC2BAD58DE009BD597 /* Resources */ = {
			isa = PBXResourcesBuildPhase;
			buildActionMask = 2147483647;
			files = (
			);
			runOnlyForDeploymentPostprocessing = 0;
		};
		5C0B69062BAD58DE009BD597 /* Resources */ = {
			isa = PBXResourcesBuildPhase;
			buildActionMask = 2147483647;
			files = (
			);
			runOnlyForDeploymentPostprocessing = 0;
		};
/* End PBXResourcesBuildPhase section */

/* Begin PBXSourcesBuildPhase section */
		5C0B68E42BAD58DD009BD597 /* Sources */ = {
			isa = PBXSourcesBuildPhase;
			buildActionMask = 2147483647;
			files = (
				5C0B68F02BAD58DD009BD597 /* ViewController.swift in Sources */,
				5C0B68EC2BAD58DD009BD597 /* AppDelegate.swift in Sources */,
				5C0B69222BAD5A17009BD597 /* Bindable.swift in Sources */,
				5C0B69202BAD593A009BD597 /* ViewRepository.swift in Sources */,
				5C248A102BC41604000FE796 /* AppID.swift in Sources */,
				5C0B691D2BAD5921009BD597 /* ViewModel.swift in Sources */,
				42F7E04E2BD78E0F00C1B239 /* ProductViewModel.swift in Sources */,
				5C0B68EE2BAD58DD009BD597 /* SceneDelegate.swift in Sources */,
				42F7E0522BD79E8F00C1B239 /* ProductListCell.swift in Sources */,
				5C248A122BC4160B000FE796 /* Storyboardable.swift in Sources */,
				5C0B69242BAD8138009BD597 /* FirstViewController.swift in Sources */,
				42F7E04C2BD78C4300C1B239 /* ProductModel.swift in Sources */,
				42F7E0502BD78E5400C1B239 /* ProductRepository.swift in Sources */,
			);
			runOnlyForDeploymentPostprocessing = 0;
		};
		5C0B68FA2BAD58DE009BD597 /* Sources */ = {
			isa = PBXSourcesBuildPhase;
			buildActionMask = 2147483647;
			files = (
				5C0B69032BAD58DE009BD597 /* DemoProjectTests.swift in Sources */,
			);
			runOnlyForDeploymentPostprocessing = 0;
		};
		5C0B69042BAD58DE009BD597 /* Sources */ = {
			isa = PBXSourcesBuildPhase;
			buildActionMask = 2147483647;
			files = (
				5C0B690D2BAD58DE009BD597 /* DemoProjectUITests.swift in Sources */,
				5C0B690F2BAD58DE009BD597 /* DemoProjectUITestsLaunchTests.swift in Sources */,
			);
			runOnlyForDeploymentPostprocessing = 0;
		};
/* End PBXSourcesBuildPhase section */

/* Begin PBXTargetDependency section */
		5C0B69002BAD58DE009BD597 /* PBXTargetDependency */ = {
			isa = PBXTargetDependency;
			target = 5C0B68E72BAD58DD009BD597 /* DemoProject */;
			targetProxy = 5C0B68FF2BAD58DE009BD597 /* PBXContainerItemProxy */;
		};
		5C0B690A2BAD58DE009BD597 /* PBXTargetDependency */ = {
			isa = PBXTargetDependency;
			target = 5C0B68E72BAD58DD009BD597 /* DemoProject */;
			targetProxy = 5C0B69092BAD58DE009BD597 /* PBXContainerItemProxy */;
		};
/* End PBXTargetDependency section */

/* Begin PBXVariantGroup section */
		5C0B68F12BAD58DD009BD597 /* Main.storyboard */ = {
			isa = PBXVariantGroup;
			children = (
				5C0B68F22BAD58DD009BD597 /* Base */,
			);
			name = Main.storyboard;
			sourceTree = "<group>";
		};
		5C0B68F62BAD58DE009BD597 /* LaunchScreen.storyboard */ = {
			isa = PBXVariantGroup;
			children = (
				5C0B68F72BAD58DE009BD597 /* Base */,
			);
			name = LaunchScreen.storyboard;
			sourceTree = "<group>";
		};
/* End PBXVariantGroup section */

/* Begin XCBuildConfiguration section */
		5C0B69102BAD58DE009BD597 /* Debug */ = {
			isa = XCBuildConfiguration;
			buildSettings = {
				ALWAYS_SEARCH_USER_PATHS = NO;
				ASSETCATALOG_COMPILER_GENERATE_SWIFT_ASSET_SYMBOL_EXTENSIONS = YES;
				CLANG_ANALYZER_NONNULL = YES;
				CLANG_ANALYZER_NUMBER_OBJECT_CONVERSION = YES_AGGRESSIVE;
				CLANG_CXX_LANGUAGE_STANDARD = "gnu++20";
				CLANG_ENABLE_MODULES = YES;
				CLANG_ENABLE_OBJC_ARC = YES;
				CLANG_ENABLE_OBJC_WEAK = YES;
				CLANG_WARN_BLOCK_CAPTURE_AUTORELEASING = YES;
				CLANG_WARN_BOOL_CONVERSION = YES;
				CLANG_WARN_COMMA = YES;
				CLANG_WARN_CONSTANT_CONVERSION = YES;
				CLANG_WARN_DEPRECATED_OBJC_IMPLEMENTATIONS = YES;
				CLANG_WARN_DIRECT_OBJC_ISA_USAGE = YES_ERROR;
				CLANG_WARN_DOCUMENTATION_COMMENTS = YES;
				CLANG_WARN_EMPTY_BODY = YES;
				CLANG_WARN_ENUM_CONVERSION = YES;
				CLANG_WARN_INFINITE_RECURSION = YES;
				CLANG_WARN_INT_CONVERSION = YES;
				CLANG_WARN_NON_LITERAL_NULL_CONVERSION = YES;
				CLANG_WARN_OBJC_IMPLICIT_RETAIN_SELF = YES;
				CLANG_WARN_OBJC_LITERAL_CONVERSION = YES;
				CLANG_WARN_OBJC_ROOT_CLASS = YES_ERROR;
				CLANG_WARN_QUOTED_INCLUDE_IN_FRAMEWORK_HEADER = YES;
				CLANG_WARN_RANGE_LOOP_ANALYSIS = YES;
				CLANG_WARN_STRICT_PROTOTYPES = YES;
				CLANG_WARN_SUSPICIOUS_MOVE = YES;
				CLANG_WARN_UNGUARDED_AVAILABILITY = YES_AGGRESSIVE;
				CLANG_WARN_UNREACHABLE_CODE = YES;
				CLANG_WARN__DUPLICATE_METHOD_MATCH = YES;
				COPY_PHASE_STRIP = NO;
				DEBUG_INFORMATION_FORMAT = dwarf;
				ENABLE_STRICT_OBJC_MSGSEND = YES;
				ENABLE_TESTABILITY = YES;
				ENABLE_USER_SCRIPT_SANDBOXING = YES;
				GCC_C_LANGUAGE_STANDARD = gnu17;
				GCC_DYNAMIC_NO_PIC = NO;
				GCC_NO_COMMON_BLOCKS = YES;
				GCC_OPTIMIZATION_LEVEL = 0;
				GCC_PREPROCESSOR_DEFINITIONS = (
					"DEBUG=1",
					"$(inherited)",
				);
				GCC_WARN_64_TO_32_BIT_CONVERSION = YES;
				GCC_WARN_ABOUT_RETURN_TYPE = YES_ERROR;
				GCC_WARN_UNDECLARED_SELECTOR = YES;
				GCC_WARN_UNINITIALIZED_AUTOS = YES_AGGRESSIVE;
				GCC_WARN_UNUSED_FUNCTION = YES;
				GCC_WARN_UNUSED_VARIABLE = YES;
				IPHONEOS_DEPLOYMENT_TARGET = 17.2;
				LOCALIZATION_PREFERS_STRING_CATALOGS = YES;
				MTL_ENABLE_DEBUG_INFO = INCLUDE_SOURCE;
				MTL_FAST_MATH = YES;
				ONLY_ACTIVE_ARCH = YES;
				SDKROOT = iphoneos;
				SWIFT_ACTIVE_COMPILATION_CONDITIONS = "DEBUG $(inherited)";
				SWIFT_OPTIMIZATION_LEVEL = "-Onone";
			};
			name = Debug;
		};
		5C0B69112BAD58DE009BD597 /* Release */ = {
			isa = XCBuildConfiguration;
			buildSettings = {
				ALWAYS_SEARCH_USER_PATHS = NO;
				ASSETCATALOG_COMPILER_GENERATE_SWIFT_ASSET_SYMBOL_EXTENSIONS = YES;
				CLANG_ANALYZER_NONNULL = YES;
				CLANG_ANALYZER_NUMBER_OBJECT_CONVERSION = YES_AGGRESSIVE;
				CLANG_CXX_LANGUAGE_STANDARD = "gnu++20";
				CLANG_ENABLE_MODULES = YES;
				CLANG_ENABLE_OBJC_ARC = YES;
				CLANG_ENABLE_OBJC_WEAK = YES;
				CLANG_WARN_BLOCK_CAPTURE_AUTORELEASING = YES;
				CLANG_WARN_BOOL_CONVERSION = YES;
				CLANG_WARN_COMMA = YES;
				CLANG_WARN_CONSTANT_CONVERSION = YES;
				CLANG_WARN_DEPRECATED_OBJC_IMPLEMENTATIONS = YES;
				CLANG_WARN_DIRECT_OBJC_ISA_USAGE = YES_ERROR;
				CLANG_WARN_DOCUMENTATION_COMMENTS = YES;
				CLANG_WARN_EMPTY_BODY = YES;
				CLANG_WARN_ENUM_CONVERSION = YES;
				CLANG_WARN_INFINITE_RECURSION = YES;
				CLANG_WARN_INT_CONVERSION = YES;
				CLANG_WARN_NON_LITERAL_NULL_CONVERSION = YES;
				CLANG_WARN_OBJC_IMPLICIT_RETAIN_SELF = YES;
				CLANG_WARN_OBJC_LITERAL_CONVERSION = YES;
				CLANG_WARN_OBJC_ROOT_CLASS = YES_ERROR;
				CLANG_WARN_QUOTED_INCLUDE_IN_FRAMEWORK_HEADER = YES;
				CLANG_WARN_RANGE_LOOP_ANALYSIS = YES;
				CLANG_WARN_STRICT_PROTOTYPES = YES;
				CLANG_WARN_SUSPICIOUS_MOVE = YES;
				CLANG_WARN_UNGUARDED_AVAILABILITY = YES_AGGRESSIVE;
				CLANG_WARN_UNREACHABLE_CODE = YES;
				CLANG_WARN__DUPLICATE_METHOD_MATCH = YES;
				COPY_PHASE_STRIP = NO;
				DEBUG_INFORMATION_FORMAT = "dwarf-with-dsym";
				ENABLE_NS_ASSERTIONS = NO;
				ENABLE_STRICT_OBJC_MSGSEND = YES;
				ENABLE_USER_SCRIPT_SANDBOXING = YES;
				GCC_C_LANGUAGE_STANDARD = gnu17;
				GCC_NO_COMMON_BLOCKS = YES;
				GCC_WARN_64_TO_32_BIT_CONVERSION = YES;
				GCC_WARN_ABOUT_RETURN_TYPE = YES_ERROR;
				GCC_WARN_UNDECLARED_SELECTOR = YES;
				GCC_WARN_UNINITIALIZED_AUTOS = YES_AGGRESSIVE;
				GCC_WARN_UNUSED_FUNCTION = YES;
				GCC_WARN_UNUSED_VARIABLE = YES;
				IPHONEOS_DEPLOYMENT_TARGET = 17.2;
				LOCALIZATION_PREFERS_STRING_CATALOGS = YES;
				MTL_ENABLE_DEBUG_INFO = NO;
				MTL_FAST_MATH = YES;
				SDKROOT = iphoneos;
				SWIFT_COMPILATION_MODE = wholemodule;
				VALIDATE_PRODUCT = YES;
			};
			name = Release;
		};
		5C0B69132BAD58DE009BD597 /* Debug */ = {
			isa = XCBuildConfiguration;
			buildSettings = {
				ASSETCATALOG_COMPILER_APPICON_NAME = AppIcon;
				ASSETCATALOG_COMPILER_GLOBAL_ACCENT_COLOR_NAME = AccentColor;
				CODE_SIGN_STYLE = Manual;
				CURRENT_PROJECT_VERSION = 1;
				DEVELOPMENT_TEAM = "";
				GENERATE_INFOPLIST_FILE = YES;
				INFOPLIST_FILE = DemoProject/Info.plist;
				INFOPLIST_KEY_UIApplicationSupportsIndirectInputEvents = YES;
				INFOPLIST_KEY_UILaunchStoryboardName = LaunchScreen;
				INFOPLIST_KEY_UIMainStoryboardFile = Main;
				INFOPLIST_KEY_UISupportedInterfaceOrientations_iPad = "UIInterfaceOrientationPortrait UIInterfaceOrientationPortraitUpsideDown UIInterfaceOrientationLandscapeLeft UIInterfaceOrientationLandscapeRight";
				INFOPLIST_KEY_UISupportedInterfaceOrientations_iPhone = "UIInterfaceOrientationPortrait UIInterfaceOrientationLandscapeLeft UIInterfaceOrientationLandscapeRight";
				IPHONEOS_DEPLOYMENT_TARGET = 16.0;
				LD_RUNPATH_SEARCH_PATHS = (
					"$(inherited)",
					"@executable_path/Frameworks",
				);
				MARKETING_VERSION = 1.0;
				PRODUCT_BUNDLE_IDENTIFIER = com.demo.project.DemoProject;
				PRODUCT_NAME = "$(TARGET_NAME)";
				PROVISIONING_PROFILE_SPECIFIER = "";
				SWIFT_EMIT_LOC_STRINGS = YES;
				SWIFT_VERSION = 5.0;
				TARGETED_DEVICE_FAMILY = "1,2";
			};
			name = Debug;
		};
		5C0B69142BAD58DE009BD597 /* Release */ = {
			isa = XCBuildConfiguration;
			buildSettings = {
				ASSETCATALOG_COMPILER_APPICON_NAME = AppIcon;
				ASSETCATALOG_COMPILER_GLOBAL_ACCENT_COLOR_NAME = AccentColor;
				CODE_SIGN_STYLE = Manual;
				CURRENT_PROJECT_VERSION = 1;
				DEVELOPMENT_TEAM = "";
				GENERATE_INFOPLIST_FILE = YES;
				INFOPLIST_FILE = DemoProject/Info.plist;
				INFOPLIST_KEY_UIApplicationSupportsIndirectInputEvents = YES;
				INFOPLIST_KEY_UILaunchStoryboardName = LaunchScreen;
				INFOPLIST_KEY_UIMainStoryboardFile = Main;
				INFOPLIST_KEY_UISupportedInterfaceOrientations_iPad = "UIInterfaceOrientationPortrait UIInterfaceOrientationPortraitUpsideDown UIInterfaceOrientationLandscapeLeft UIInterfaceOrientationLandscapeRight";
				INFOPLIST_KEY_UISupportedInterfaceOrientations_iPhone = "UIInterfaceOrientationPortrait UIInterfaceOrientationLandscapeLeft UIInterfaceOrientationLandscapeRight";
				IPHONEOS_DEPLOYMENT_TARGET = 16.0;
				LD_RUNPATH_SEARCH_PATHS = (
					"$(inherited)",
					"@executable_path/Frameworks",
				);
				MARKETING_VERSION = 1.0;
				PRODUCT_BUNDLE_IDENTIFIER = com.demo.project.DemoProject;
				PRODUCT_NAME = "$(TARGET_NAME)";
				PROVISIONING_PROFILE_SPECIFIER = "";
				SWIFT_EMIT_LOC_STRINGS = YES;
				SWIFT_VERSION = 5.0;
				TARGETED_DEVICE_FAMILY = "1,2";
			};
			name = Release;
		};
		5C0B69162BAD58DE009BD597 /* Debug */ = {
			isa = XCBuildConfiguration;
			buildSettings = {
				ALWAYS_EMBED_SWIFT_STANDARD_LIBRARIES = YES;
				BUNDLE_LOADER = "$(TEST_HOST)";
				CODE_SIGN_STYLE = Automatic;
				CURRENT_PROJECT_VERSION = 1;
				GENERATE_INFOPLIST_FILE = YES;
				IPHONEOS_DEPLOYMENT_TARGET = 17.2;
				MARKETING_VERSION = 1.0;
				PRODUCT_BUNDLE_IDENTIFIER = com.demo.project.DemoProjectTests;
				PRODUCT_NAME = "$(TARGET_NAME)";
				SWIFT_EMIT_LOC_STRINGS = NO;
				SWIFT_VERSION = 5.0;
				TARGETED_DEVICE_FAMILY = "1,2";
				TEST_HOST = "$(BUILT_PRODUCTS_DIR)/DemoProject.app/$(BUNDLE_EXECUTABLE_FOLDER_PATH)/DemoProject";
			};
			name = Debug;
		};
		5C0B69172BAD58DE009BD597 /* Release */ = {
			isa = XCBuildConfiguration;
			buildSettings = {
				ALWAYS_EMBED_SWIFT_STANDARD_LIBRARIES = YES;
				BUNDLE_LOADER = "$(TEST_HOST)";
				CODE_SIGN_STYLE = Automatic;
				CURRENT_PROJECT_VERSION = 1;
				GENERATE_INFOPLIST_FILE = YES;
				IPHONEOS_DEPLOYMENT_TARGET = 17.2;
				MARKETING_VERSION = 1.0;
				PRODUCT_BUNDLE_IDENTIFIER = com.demo.project.DemoProjectTests;
				PRODUCT_NAME = "$(TARGET_NAME)";
				SWIFT_EMIT_LOC_STRINGS = NO;
				SWIFT_VERSION = 5.0;
				TARGETED_DEVICE_FAMILY = "1,2";
				TEST_HOST = "$(BUILT_PRODUCTS_DIR)/DemoProject.app/$(BUNDLE_EXECUTABLE_FOLDER_PATH)/DemoProject";
			};
			name = Release;
		};
		5C0B69192BAD58DE009BD597 /* Debug */ = {
			isa = XCBuildConfiguration;
			buildSettings = {
				ALWAYS_EMBED_SWIFT_STANDARD_LIBRARIES = YES;
				CODE_SIGN_STYLE = Automatic;
				CURRENT_PROJECT_VERSION = 1;
				GENERATE_INFOPLIST_FILE = YES;
				MARKETING_VERSION = 1.0;
				PRODUCT_BUNDLE_IDENTIFIER = com.demo.project.DemoProjectUITests;
				PRODUCT_NAME = "$(TARGET_NAME)";
				SWIFT_EMIT_LOC_STRINGS = NO;
				SWIFT_VERSION = 5.0;
				TARGETED_DEVICE_FAMILY = "1,2";
				TEST_TARGET_NAME = DemoProject;
			};
			name = Debug;
		};
		5C0B691A2BAD58DE009BD597 /* Release */ = {
			isa = XCBuildConfiguration;
			buildSettings = {
				ALWAYS_EMBED_SWIFT_STANDARD_LIBRARIES = YES;
				CODE_SIGN_STYLE = Automatic;
				CURRENT_PROJECT_VERSION = 1;
				GENERATE_INFOPLIST_FILE = YES;
				MARKETING_VERSION = 1.0;
				PRODUCT_BUNDLE_IDENTIFIER = com.demo.project.DemoProjectUITests;
				PRODUCT_NAME = "$(TARGET_NAME)";
				SWIFT_EMIT_LOC_STRINGS = NO;
				SWIFT_VERSION = 5.0;
				TARGETED_DEVICE_FAMILY = "1,2";
				TEST_TARGET_NAME = DemoProject;
			};
			name = Release;
		};
/* End XCBuildConfiguration section */

/* Begin XCConfigurationList section */
		5C0B68E32BAD58DD009BD597 /* Build configuration list for PBXProject "DemoProject" */ = {
			isa = XCConfigurationList;
			buildConfigurations = (
				5C0B69102BAD58DE009BD597 /* Debug */,
				5C0B69112BAD58DE009BD597 /* Release */,
			);
			defaultConfigurationIsVisible = 0;
			defaultConfigurationName = Release;
		};
		5C0B69122BAD58DE009BD597 /* Build configuration list for PBXNativeTarget "DemoProject" */ = {
			isa = XCConfigurationList;
			buildConfigurations = (
				5C0B69132BAD58DE009BD597 /* Debug */,
				5C0B69142BAD58DE009BD597 /* Release */,
			);
			defaultConfigurationIsVisible = 0;
			defaultConfigurationName = Release;
		};
		5C0B69152BAD58DE009BD597 /* Build configuration list for PBXNativeTarget "DemoProjectTests" */ = {
			isa = XCConfigurationList;
			buildConfigurations = (
				5C0B69162BAD58DE009BD597 /* Debug */,
				5C0B69172BAD58DE009BD597 /* Release */,
			);
			defaultConfigurationIsVisible = 0;
			defaultConfigurationName = Release;
		};
		5C0B69182BAD58DE009BD597 /* Build configuration list for PBXNativeTarget "DemoProjectUITests" */ = {
			isa = XCConfigurationList;
			buildConfigurations = (
				5C0B69192BAD58DE009BD597 /* Debug */,
				5C0B691A2BAD58DE009BD597 /* Release */,
			);
			defaultConfigurationIsVisible = 0;
			defaultConfigurationName = Release;
		};
/* End XCConfigurationList section */
	};
	rootObject = 5C0B68E02BAD58DD009BD597 /* Project object */;
}
